
Microsoft Visual Studio Solution File, Format Version 12.00
# Visual Studio Version 17
VisualStudioVersion = 17.13.35913.81 d17.13
MinimumVisualStudioVersion = 10.0.40219.1
Project("{FAE04EC0-301F-11D3-BF4B-00C04F79EFBC}") = "ForEach", "ForEach.csproj", "{071716CA-1344-4BA7-BBB4-4965D306E1DC}"
EndProject
Global
	GlobalSection(SolutionConfigurationPlatforms) = preSolution
		Debug|Any CPU = Debug|Any CPU
		Release|Any CPU = Release|Any CPU
	EndGlobalSection
	GlobalSection(ProjectConfigurationPlatforms) = postSolution
		{071716CA-1344-4BA7-BBB4-4965D306E1DC}.Debug|Any CPU.ActiveCfg = Debug|Any CPU
		{071716CA-1344-4BA7-BBB4-4965D306E1DC}.Debug|Any CPU.Build.0 = Debug|Any CPU
		{071716CA-1344-4BA7-BBB4-4965D306E1DC}.Release|Any CPU.ActiveCfg = Release|Any CPU
		{071716CA-1344-4BA7-BBB4-4965D306E1DC}.Release|Any CPU.Build.0 = Release|Any CPU
	EndGlobalSection
	GlobalSection(SolutionProperties) = preSolution
		HideSolutionNode = FALSE
	EndGlobalSection
	GlobalSection(ExtensibilityGlobals) = postSolution
		SolutionGuid = {95FBCEF3-744C-417C-B648-54A54D875019}
	EndGlobalSection
EndGlobal
