
Microsoft Visual Studio Solution File, Format Version 12.00
# Visual Studio Version 17
VisualStudioVersion = 17.13.35913.81 d17.13
MinimumVisualStudioVersion = 10.0.40219.1
Project("{FAE04EC0-301F-11D3-BF4B-00C04F79EFBC}") = "Tsüklide kordamine", "Tsüklide kordamine.csproj", "{DDD71B04-4EAD-4F24-8B0C-34A6907D2CB1}"
EndProject
Global
	GlobalSection(SolutionConfigurationPlatforms) = preSolution
		Debug|Any CPU = Debug|Any CPU
		Release|Any CPU = Release|Any CPU
	EndGlobalSection
	GlobalSection(ProjectConfigurationPlatforms) = postSolution
		{DDD71B04-4EAD-4F24-8B0C-34A6907D2CB1}.Debug|Any CPU.ActiveCfg = Debug|Any CPU
		{DDD71B04-4EAD-4F24-8B0C-34A6907D2CB1}.Debug|Any CPU.Build.0 = Debug|Any CPU
		{DDD71B04-4EAD-4F24-8B0C-34A6907D2CB1}.Release|Any CPU.ActiveCfg = Release|Any CPU
		{DDD71B04-4EAD-4F24-8B0C-34A6907D2CB1}.Release|Any CPU.Build.0 = Release|Any CPU
	EndGlobalSection
	GlobalSection(SolutionProperties) = preSolution
		HideSolutionNode = FALSE
	EndGlobalSection
	GlobalSection(ExtensibilityGlobals) = postSolution
		SolutionGuid = {D4792E0A-A1B7-4537-8156-2A650C3F3CF8}
	EndGlobalSection
EndGlobal
