
Microsoft Visual Studio Solution File, Format Version 12.00
# Visual Studio Version 17
VisualStudioVersion = 17.13.35913.81 d17.13
MinimumVisualStudioVersion = 10.0.40219.1
Project("{FAE04EC0-301F-11D3-BF4B-00C04F79EFBC}") = "For", "For.csproj", "{24456DF1-B257-43A2-831F-DC8D6BA8C340}"
EndProject
Global
	GlobalSection(SolutionConfigurationPlatforms) = preSolution
		Debug|Any CPU = Debug|Any CPU
		Release|Any CPU = Release|Any CPU
	EndGlobalSection
	GlobalSection(ProjectConfigurationPlatforms) = postSolution
		{24456DF1-B257-43A2-831F-DC8D6BA8C340}.Debug|Any CPU.ActiveCfg = Debug|Any CPU
		{24456DF1-B257-43A2-831F-DC8D6BA8C340}.Debug|Any CPU.Build.0 = Debug|Any CPU
		{24456DF1-B257-43A2-831F-DC8D6BA8C340}.Release|Any CPU.ActiveCfg = Release|Any CPU
		{24456DF1-B257-43A2-831F-DC8D6BA8C340}.Release|Any CPU.Build.0 = Release|Any CPU
	EndGlobalSection
	GlobalSection(SolutionProperties) = preSolution
		HideSolutionNode = FALSE
	EndGlobalSection
	GlobalSection(ExtensibilityGlobals) = postSolution
		SolutionGuid = {556977EA-4A69-4655-B014-F75C0362E031}
	EndGlobalSection
EndGlobal
